
Microsoft Visual Studio Solution File, Format Version 12.00
# Visual Studio Version 16
VisualStudioVersion = 16.0.34729.46
MinimumVisualStudioVersion = 10.0.40219.1
Project("{FAE04EC0-301F-11D3-BF4B-00C04F79EFBC}") = "dependencyInversion", "dependencyInversion\dependencyInversion.csproj", "{C7A88BD7-17D6-4D86-B4FA-1C38DAF9C2D3}"
EndProject
Global
	GlobalSection(SolutionConfigurationPlatforms) = preSolution
		Debug|Any CPU = Debug|Any CPU
		Release|Any CPU = Release|Any CPU
	EndGlobalSection
	GlobalSection(ProjectConfigurationPlatforms) = postSolution
		{C7A88BD7-17D6-4D86-B4FA-1C38DAF9C2D3}.Debug|Any CPU.ActiveCfg = Debug|Any CPU
		{C7A88BD7-17D6-4D86-B4FA-1C38DAF9C2D3}.Debug|Any CPU.Build.0 = Debug|Any CPU
		{C7A88BD7-17D6-4D86-B4FA-1C38DAF9C2D3}.Release|Any CPU.ActiveCfg = Release|Any CPU
		{C7A88BD7-17D6-4D86-B4FA-1C38DAF9C2D3}.Release|Any CPU.Build.0 = Release|Any CPU
	EndGlobalSection
	GlobalSection(SolutionProperties) = preSolution
		HideSolutionNode = FALSE
	EndGlobalSection
	GlobalSection(ExtensibilityGlobals) = postSolution
		SolutionGuid = {295854C0-3077-46C1-8030-20948889D56F}
	EndGlobalSection
EndGlobal
