
Microsoft Visual Studio Solution File, Format Version 12.00
# Visual Studio Version 16
VisualStudioVersion = 16.0.34729.46
MinimumVisualStudioVersion = 10.0.40219.1
Project("{FAE04EC0-301F-11D3-BF4B-00C04F79EFBC}") = "SingleRes", "SingleRes\SingleRes.csproj", "{465C4B79-EF98-4DC7-B7D5-F83CEE1C8004}"
EndProject
Global
	GlobalSection(SolutionConfigurationPlatforms) = preSolution
		Debug|Any CPU = Debug|Any CPU
		Release|Any CPU = Release|Any CPU
	EndGlobalSection
	GlobalSection(ProjectConfigurationPlatforms) = postSolution
		{465C4B79-EF98-4DC7-B7D5-F83CEE1C8004}.Debug|Any CPU.ActiveCfg = Debug|Any CPU
		{465C4B79-EF98-4DC7-B7D5-F83CEE1C8004}.Debug|Any CPU.Build.0 = Debug|Any CPU
		{465C4B79-EF98-4DC7-B7D5-F83CEE1C8004}.Release|Any CPU.ActiveCfg = Release|Any CPU
		{465C4B79-EF98-4DC7-B7D5-F83CEE1C8004}.Release|Any CPU.Build.0 = Release|Any CPU
	EndGlobalSection
	GlobalSection(SolutionProperties) = preSolution
		HideSolutionNode = FALSE
	EndGlobalSection
	GlobalSection(ExtensibilityGlobals) = postSolution
		SolutionGuid = {7045EF04-C1A7-4C42-939E-DEE57ABEDD6F}
	EndGlobalSection
EndGlobal
